<?xml version="1.0" encoding="utf-8"?>
<Project ToolsVersion="4.0" xmlns="http://schemas.microsoft.com/developer/msbuild/2003">
  <ItemGroup>
    <ClCompile Include="main.cpp" />
    <ClCompile Include="KDTree.cpp" />
    <ClCompile Include="ObjectFileLoader.cpp" />
    <ClCompile Include="Common.cpp" />
    <ClCompile Include="Threads.cpp" />
    <ClCompile Include="Camera.cpp" />
    <ClCompile Include="Image.cpp" />
    <ClCompile Include="RayTracer.cpp" />
  </ItemGroup>
  <ItemGroup>
    <ClInclude Include="Common.h" />
    <ClInclude Include="ObjectFileLoader.h" />
    <ClInclude Include="KDTree.h" />
    <ClInclude Include="Camera.h" />
    <ClInclude Include="Image.h" />
    <ClInclude Include="RayTracer.h" />
  </ItemGroup>
</Project>